// !$*UTF8*$!
{
	archiveVersion = 1;
	classes = {
	};
	objectVersion = 56;
	objects = {

/* Begin PBXBuildFile section */
		BF1504222B28A09200FFD996 /* MedusaCore in Frameworks */ = {isa = PBXBuildFile; productRef = BF1504212B28A09200FFD996 /* MedusaCore */; };
		BF2B00EC2B20AFAD00E83152 /* MedusaStorage in Frameworks */ = {isa = PBXBuildFile; productRef = BF2B00EB2B20AFAD00E83152 /* MedusaStorage */; };
		BF327E1B2B2211360077FF6B /* MedusaPaging in Frameworks */ = {isa = PBXBuildFile; productRef = BF327E1A2B2211360077FF6B /* MedusaPaging */; };
		BF521F3B2B148EF200EAFC53 /* BufferBrowserPopoverViewController.swift in Sources */ = {isa = PBXBuildFile; fileRef = BF521F3A2B148EF200EAFC53 /* BufferBrowserPopoverViewController.swift */; };
		BF6C7E132B0E259A006DB858 /* BTreePageInspectorWindowController.swift in Sources */ = {isa = PBXBuildFile; fileRef = BF6C7E122B0E259A006DB858 /* BTreePageInspectorWindowController.swift */; };
		BF6C7E162B0E25B8006DB858 /* BTreePageInspectorViewController.swift in Sources */ = {isa = PBXBuildFile; fileRef = BF6C7E142B0E25B8006DB858 /* BTreePageInspectorViewController.swift */; };
		BF6C7E1B2B0E307E006DB858 /* FieldValueField.swift in Sources */ = {isa = PBXBuildFile; fileRef = BF6C7E1A2B0E307E006DB858 /* FieldValueField.swift */; };
		BF6C7E1D2B0E3543006DB858 /* FieldCellField.swift in Sources */ = {isa = PBXBuildFile; fileRef = BF6C7E1C2B0E3543006DB858 /* FieldCellField.swift */; };
		BF70EF0B2B2F00BC00973B1B /* PageBrowserViewController.swift in Sources */ = {isa = PBXBuildFile; fileRef = BF70EF0A2B2F00BC00973B1B /* PageBrowserViewController.swift */; };
		BF75F1E32B28922F0046F259 /* MedusaNetworking in Frameworks */ = {isa = PBXBuildFile; productRef = BF75F1E22B28922F0046F259 /* MedusaNetworking */; };
		BF9B5E3B2B28C05700BDF2D8 /* Socket in Frameworks */ = {isa = PBXBuildFile; productRef = BF9B5E3A2B28C05700BDF2D8 /* Socket */; };
		BF9B5E402B28C7A200BDF2D8 /* Fletcher in Frameworks */ = {isa = PBXBuildFile; productRef = BF9B5E3F2B28C7A200BDF2D8 /* Fletcher */; };
		BFAE71F22B1FAD8500C15E0F /* MedusaObjectModel in Frameworks */ = {isa = PBXBuildFile; productRef = BFAE71F12B1FAD8500C15E0F /* MedusaObjectModel */; };
		BFD674452B05E79F0086932A /* Info.plist in Resources */ = {isa = PBXBuildFile; fileRef = BFD674442B05E79F0086932A /* Info.plist */; };
		BFD6744F2B05EBE60086932A /* main.swift in Sources */ = {isa = PBXBuildFile; fileRef = BFD6744E2B05EBE60086932A /* main.swift */; };
		BFD674762B0659DA0086932A /* BufferBrowserWindowController.swift in Sources */ = {isa = PBXBuildFile; fileRef = BFD674742B0659DA0086932A /* BufferBrowserWindowController.swift */; };
		BFD674792B065A9C0086932A /* BufferBrowserView.swift in Sources */ = {isa = PBXBuildFile; fileRef = BFD674782B065A9C0086932A /* BufferBrowserView.swift */; };
		BFD6747D2B06689E0086932A /* BufferBrowserViewController.swift in Sources */ = {isa = PBXBuildFile; fileRef = BFD6747C2B06689E0086932A /* BufferBrowserViewController.swift */; };
		BFD674812B066A560086932A /* Main.storyboard in Resources */ = {isa = PBXBuildFile; fileRef = BFD674802B066A560086932A /* Main.storyboard */; };
		BFD6E1C92B238C9A00FC0A0A /* MedusaAgents in Frameworks */ = {isa = PBXBuildFile; productRef = BFD6E1C82B238C9A00FC0A0A /* MedusaAgents */; };
		BFFB2E7D2B05363300254090 /* AppDelegate.swift in Sources */ = {isa = PBXBuildFile; fileRef = BFFB2E7C2B05363300254090 /* AppDelegate.swift */; };
		BFFB2E7F2B05363300254090 /* PrimaryViewController.swift in Sources */ = {isa = PBXBuildFile; fileRef = BFFB2E7E2B05363300254090 /* PrimaryViewController.swift */; };
		BFFB2E812B05363500254090 /* Assets.xcassets in Resources */ = {isa = PBXBuildFile; fileRef = BFFB2E802B05363500254090 /* Assets.xcassets */; };
		BFFE7E7C2B1B980C00776231 /* RepositoryBrowserViewController.swift in Sources */ = {isa = PBXBuildFile; fileRef = BFFE7E7B2B1B980C00776231 /* RepositoryBrowserViewController.swift */; };
/* End PBXBuildFile section */

/* Begin PBXCopyFilesBuildPhase section */
		BFD6744A2B05EBE60086932A /* CopyFiles */ = {
			isa = PBXCopyFilesBuildPhase;
			buildActionMask = 2147483647;
			dstPath = /usr/share/man/man1/;
			dstSubfolderSpec = 0;
			files = (
			);
			runOnlyForDeploymentPostprocessing = 1;
		};
/* End PBXCopyFilesBuildPhase section */

/* Begin PBXFileReference section */
		BF327E1C2B2215630077FF6B /* Fletcher */ = {isa = PBXFileReference; lastKnownFileType = wrapper; path = Fletcher; sourceTree = "<group>"; };
		BF481FBC2B30DE5F00970F54 /* TestPlan.xctestplan */ = {isa = PBXFileReference; lastKnownFileType = text; path = TestPlan.xctestplan; sourceTree = "<group>"; };
		BF521F3A2B148EF200EAFC53 /* BufferBrowserPopoverViewController.swift */ = {isa = PBXFileReference; lastKnownFileType = sourcecode.swift; path = BufferBrowserPopoverViewController.swift; sourceTree = "<group>"; };
		BF6C7E122B0E259A006DB858 /* BTreePageInspectorWindowController.swift */ = {isa = PBXFileReference; lastKnownFileType = sourcecode.swift; path = BTreePageInspectorWindowController.swift; sourceTree = "<group>"; };
		BF6C7E142B0E25B8006DB858 /* BTreePageInspectorViewController.swift */ = {isa = PBXFileReference; lastKnownFileType = sourcecode.swift; path = BTreePageInspectorViewController.swift; sourceTree = "<group>"; };
		BF6C7E1A2B0E307E006DB858 /* FieldValueField.swift */ = {isa = PBXFileReference; lastKnownFileType = sourcecode.swift; path = FieldValueField.swift; sourceTree = "<group>"; };
		BF6C7E1C2B0E3543006DB858 /* FieldCellField.swift */ = {isa = PBXFileReference; lastKnownFileType = sourcecode.swift; path = FieldCellField.swift; sourceTree = "<group>"; };
		BF70EF0A2B2F00BC00973B1B /* PageBrowserViewController.swift */ = {isa = PBXFileReference; lastKnownFileType = sourcecode.swift; path = PageBrowserViewController.swift; sourceTree = "<group>"; };
		BFB2863C2B28A13F00B9C15F /* MedusaCore */ = {isa = PBXFileReference; lastKnownFileType = wrapper; path = MedusaCore; sourceTree = "<group>"; };
		BFC04BC72B28A3640076CD81 /* MedusaStorage */ = {isa = PBXFileReference; lastKnownFileType = wrapper; path = MedusaStorage; sourceTree = "<group>"; };
		BFC04BC82B28A36F0076CD81 /* MedusaPaging */ = {isa = PBXFileReference; lastKnownFileType = wrapper; path = MedusaPaging; sourceTree = "<group>"; };
		BFC04BC92B28A3740076CD81 /* MedusaObjectModel */ = {isa = PBXFileReference; lastKnownFileType = wrapper; path = MedusaObjectModel; sourceTree = "<group>"; };
		BFC04BCA2B28A3780076CD81 /* MedusaNetworking */ = {isa = PBXFileReference; lastKnownFileType = wrapper; path = MedusaNetworking; sourceTree = "<group>"; };
		BFC04BCB2B28A37B0076CD81 /* MedusaAgents */ = {isa = PBXFileReference; lastKnownFileType = wrapper; path = MedusaAgents; sourceTree = "<group>"; };
		BFD674442B05E79F0086932A /* Info.plist */ = {isa = PBXFileReference; lastKnownFileType = text.plist.xml; path = Info.plist; sourceTree = "<group>"; };
		BFD6744C2B05EBE60086932A /* MedusaTester */ = {isa = PBXFileReference; explicitFileType = "compiled.mach-o.executable"; includeInIndex = 0; path = MedusaTester; sourceTree = BUILT_PRODUCTS_DIR; };
		BFD6744E2B05EBE60086932A /* main.swift */ = {isa = PBXFileReference; lastKnownFileType = sourcecode.swift; path = main.swift; sourceTree = "<group>"; };
		BFD674742B0659DA0086932A /* BufferBrowserWindowController.swift */ = {isa = PBXFileReference; lastKnownFileType = sourcecode.swift; path = BufferBrowserWindowController.swift; sourceTree = "<group>"; };
		BFD674782B065A9C0086932A /* BufferBrowserView.swift */ = {isa = PBXFileReference; lastKnownFileType = sourcecode.swift; path = BufferBrowserView.swift; sourceTree = "<group>"; };
		BFD6747C2B06689E0086932A /* BufferBrowserViewController.swift */ = {isa = PBXFileReference; lastKnownFileType = sourcecode.swift; path = BufferBrowserViewController.swift; sourceTree = "<group>"; };
		BFD674802B066A560086932A /* Main.storyboard */ = {isa = PBXFileReference; lastKnownFileType = file.storyboard; path = Main.storyboard; sourceTree = "<group>"; };
		BFEEF9302B1D03D900F42C58 /* Files.entitlements */ = {isa = PBXFileReference; lastKnownFileType = text.plist.entitlements; path = Files.entitlements; sourceTree = "<group>"; };
		BFFB2E792B05363300254090 /* Medusa.app */ = {isa = PBXFileReference; explicitFileType = wrapper.application; includeInIndex = 0; path = Medusa.app; sourceTree = BUILT_PRODUCTS_DIR; };
		BFFB2E7C2B05363300254090 /* AppDelegate.swift */ = {isa = PBXFileReference; lastKnownFileType = sourcecode.swift; path = AppDelegate.swift; sourceTree = "<group>"; };
		BFFB2E7E2B05363300254090 /* PrimaryViewController.swift */ = {isa = PBXFileReference; lastKnownFileType = sourcecode.swift; path = PrimaryViewController.swift; sourceTree = "<group>"; };
		BFFB2E802B05363500254090 /* Assets.xcassets */ = {isa = PBXFileReference; lastKnownFileType = folder.assetcatalog; path = Assets.xcassets; sourceTree = "<group>"; };
		BFFB2E852B05363500254090 /* Medusa.entitlements */ = {isa = PBXFileReference; lastKnownFileType = text.plist.entitlements; path = Medusa.entitlements; sourceTree = "<group>"; };
		BFFE7E7B2B1B980C00776231 /* RepositoryBrowserViewController.swift */ = {isa = PBXFileReference; lastKnownFileType = sourcecode.swift; path = RepositoryBrowserViewController.swift; sourceTree = "<group>"; };
/* End PBXFileReference section */

/* Begin PBXFrameworksBuildPhase section */
		BFD674492B05EBE60086932A /* Frameworks */ = {
			isa = PBXFrameworksBuildPhase;
			buildActionMask = 2147483647;
			files = (
			);
			runOnlyForDeploymentPostprocessing = 0;
		};
		BFFB2E762B05363300254090 /* Frameworks */ = {
			isa = PBXFrameworksBuildPhase;
			buildActionMask = 2147483647;
			files = (
				BFAE71F22B1FAD8500C15E0F /* MedusaObjectModel in Frameworks */,
				BF1504222B28A09200FFD996 /* MedusaCore in Frameworks */,
				BF9B5E3B2B28C05700BDF2D8 /* Socket in Frameworks */,
				BF327E1B2B2211360077FF6B /* MedusaPaging in Frameworks */,
				BF9B5E402B28C7A200BDF2D8 /* Fletcher in Frameworks */,
				BFD6E1C92B238C9A00FC0A0A /* MedusaAgents in Frameworks */,
				BF2B00EC2B20AFAD00E83152 /* MedusaStorage in Frameworks */,
				BF75F1E32B28922F0046F259 /* MedusaNetworking in Frameworks */,
			);
			runOnlyForDeploymentPostprocessing = 0;
		};
/* End PBXFrameworksBuildPhase section */

/* Begin PBXGroup section */
		BF70EF092B2F009100973B1B /* Page Browser */ = {
			isa = PBXGroup;
			children = (
				BF70EF0A2B2F00BC00973B1B /* PageBrowserViewController.swift */,
			);
			path = "Page Browser";
			sourceTree = "<group>";
		};
		BFA9444E2B11100700526CF1 /* BTree Page Inspector */ = {
			isa = PBXGroup;
			children = (
				BF6C7E142B0E25B8006DB858 /* BTreePageInspectorViewController.swift */,
				BF6C7E122B0E259A006DB858 /* BTreePageInspectorWindowController.swift */,
			);
			path = "BTree Page Inspector";
			sourceTree = "<group>";
		};
		BFA9444F2B11101F00526CF1 /* Buffer Browser */ = {
			isa = PBXGroup;
			children = (
				BF521F3A2B148EF200EAFC53 /* BufferBrowserPopoverViewController.swift */,
				BFD674782B065A9C0086932A /* BufferBrowserView.swift */,
				BFD6747C2B06689E0086932A /* BufferBrowserViewController.swift */,
				BFD674742B0659DA0086932A /* BufferBrowserWindowController.swift */,
			);
			path = "Buffer Browser";
			sourceTree = "<group>";
		};
		BFA944502B11102C00526CF1 /* Miscellaneous */ = {
			isa = PBXGroup;
			children = (
				BF6C7E1C2B0E3543006DB858 /* FieldCellField.swift */,
				BF6C7E1A2B0E307E006DB858 /* FieldValueField.swift */,
			);
			path = Miscellaneous;
			sourceTree = "<group>";
		};
		BFA944512B11106500526CF1 /* Primary View Controller */ = {
			isa = PBXGroup;
			children = (
				BFFB2E7E2B05363300254090 /* PrimaryViewController.swift */,
			);
			path = "Primary View Controller";
			sourceTree = "<group>";
		};
		BFA944562B1113EE00526CF1 /* Frameworks */ = {
			isa = PBXGroup;
			children = (
			);
			name = Frameworks;
			sourceTree = "<group>";
		};
		BFD6744D2B05EBE60086932A /* MedusaTester */ = {
			isa = PBXGroup;
			children = (
				BFD6744E2B05EBE60086932A /* main.swift */,
			);
			path = MedusaTester;
			sourceTree = "<group>";
		};
		BFD674822B06749A0086932A /* User Interface */ = {
			isa = PBXGroup;
			children = (
				BF70EF092B2F009100973B1B /* Page Browser */,
				BFA9444E2B11100700526CF1 /* BTree Page Inspector */,
				BFA9444F2B11101F00526CF1 /* Buffer Browser */,
				BFA944502B11102C00526CF1 /* Miscellaneous */,
				BFA944512B11106500526CF1 /* Primary View Controller */,
				BFFE7E7D2B1B981600776231 /* RepositoryBrowser */,
			);
			path = "User Interface";
			sourceTree = "<group>";
		};
		BFFB2E702B05363300254090 = {
			isa = PBXGroup;
			children = (
				BF481FBC2B30DE5F00970F54 /* TestPlan.xctestplan */,
				BFC04BCB2B28A37B0076CD81 /* MedusaAgents */,
				BFB2863C2B28A13F00B9C15F /* MedusaCore */,
				BFC04BCA2B28A3780076CD81 /* MedusaNetworking */,
				BFC04BC92B28A3740076CD81 /* MedusaObjectModel */,
				BFC04BC82B28A36F0076CD81 /* MedusaPaging */,
				BFC04BC72B28A3640076CD81 /* MedusaStorage */,
				BF327E1C2B2215630077FF6B /* Fletcher */,
				BFEEF9302B1D03D900F42C58 /* Files.entitlements */,
				BFD674802B066A560086932A /* Main.storyboard */,
				BFD674442B05E79F0086932A /* Info.plist */,
				BFFB2E7B2B05363300254090 /* Medusa */,
				BFD6744D2B05EBE60086932A /* MedusaTester */,
				BFFB2E7A2B05363300254090 /* Products */,
				BFA944562B1113EE00526CF1 /* Frameworks */,
			);
			sourceTree = "<group>";
		};
		BFFB2E7A2B05363300254090 /* Products */ = {
			isa = PBXGroup;
			children = (
				BFFB2E792B05363300254090 /* Medusa.app */,
				BFD6744C2B05EBE60086932A /* MedusaTester */,
			);
			name = Products;
			sourceTree = "<group>";
		};
		BFFB2E7B2B05363300254090 /* Medusa */ = {
			isa = PBXGroup;
			children = (
				BFFB2E7C2B05363300254090 /* AppDelegate.swift */,
				BFFB2E802B05363500254090 /* Assets.xcassets */,
				BFFB2E852B05363500254090 /* Medusa.entitlements */,
				BFD674822B06749A0086932A /* User Interface */,
			);
			path = Medusa;
			sourceTree = "<group>";
		};
		BFFE7E7D2B1B981600776231 /* RepositoryBrowser */ = {
			isa = PBXGroup;
			children = (
				BFFE7E7B2B1B980C00776231 /* RepositoryBrowserViewController.swift */,
			);
			path = RepositoryBrowser;
			sourceTree = "<group>";
		};
/* End PBXGroup section */

/* Begin PBXNativeTarget section */
		BFD6744B2B05EBE60086932A /* MedusaTester */ = {
			isa = PBXNativeTarget;
			buildConfigurationList = BFD674502B05EBE60086932A /* Build configuration list for PBXNativeTarget "MedusaTester" */;
			buildPhases = (
				BFD674482B05EBE60086932A /* Sources */,
				BFD674492B05EBE60086932A /* Frameworks */,
				BFD6744A2B05EBE60086932A /* CopyFiles */,
			);
			buildRules = (
			);
			dependencies = (
			);
			name = MedusaTester;
			productName = MedusaTester;
			productReference = BFD6744C2B05EBE60086932A /* MedusaTester */;
			productType = "com.apple.product-type.tool";
		};
		BFFB2E782B05363300254090 /* Medusa */ = {
			isa = PBXNativeTarget;
			buildConfigurationList = BFFB2E882B05363500254090 /* Build configuration list for PBXNativeTarget "Medusa" */;
			buildPhases = (
				BFFB2E752B05363300254090 /* Sources */,
				BFFB2E762B05363300254090 /* Frameworks */,
				BFFB2E772B05363300254090 /* Resources */,
			);
			buildRules = (
			);
			dependencies = (
			);
			name = Medusa;
			packageProductDependencies = (
				BFAE71F12B1FAD8500C15E0F /* MedusaObjectModel */,
				BF2B00EB2B20AFAD00E83152 /* MedusaStorage */,
				BF327E1A2B2211360077FF6B /* MedusaPaging */,
				BFD6E1C82B238C9A00FC0A0A /* MedusaAgents */,
				BF75F1E22B28922F0046F259 /* MedusaNetworking */,
				BF1504212B28A09200FFD996 /* MedusaCore */,
				BF9B5E3A2B28C05700BDF2D8 /* Socket */,
				BF9B5E3F2B28C7A200BDF2D8 /* Fletcher */,
			);
			productName = Medusa;
			productReference = BFFB2E792B05363300254090 /* Medusa.app */;
			productType = "com.apple.product-type.application";
		};
/* End PBXNativeTarget section */

/* Begin PBXProject section */
		BFFB2E712B05363300254090 /* Project object */ = {
			isa = PBXProject;
			attributes = {
				BuildIndependentTargetsInParallel = 1;
				LastSwiftUpdateCheck = 1500;
				LastUpgradeCheck = 1510;
				TargetAttributes = {
					BFD6744B2B05EBE60086932A = {
						CreatedOnToolsVersion = 15.0.1;
					};
					BFFB2E782B05363300254090 = {
						CreatedOnToolsVersion = 15.0.1;
						LastSwiftMigration = 1500;
					};
				};
			};
			buildConfigurationList = BFFB2E742B05363300254090 /* Build configuration list for PBXProject "Medusa" */;
			compatibilityVersion = "Xcode 14.0";
			developmentRegion = en;
			hasScannedForEncodings = 0;
			knownRegions = (
				en,
				Base,
			);
			mainGroup = BFFB2E702B05363300254090;
			packageReferences = (
				BF9B5E392B28C05700BDF2D8 /* XCRemoteSwiftPackageReference "BlueSocket" */,
			);
			productRefGroup = BFFB2E7A2B05363300254090 /* Products */;
			projectDirPath = "";
			projectRoot = "";
			targets = (
				BFFB2E782B05363300254090 /* Medusa */,
				BFD6744B2B05EBE60086932A /* MedusaTester */,
			);
		};
/* End PBXProject section */

/* Begin PBXResourcesBuildPhase section */
		BFFB2E772B05363300254090 /* Resources */ = {
			isa = PBXResourcesBuildPhase;
			buildActionMask = 2147483647;
			files = (
				BFFB2E812B05363500254090 /* Assets.xcassets in Resources */,
				BFD674812B066A560086932A /* Main.storyboard in Resources */,
				BFD674452B05E79F0086932A /* Info.plist in Resources */,
			);
			runOnlyForDeploymentPostprocessing = 0;
		};
/* End PBXResourcesBuildPhase section */

/* Begin PBXSourcesBuildPhase section */
		BFD674482B05EBE60086932A /* Sources */ = {
			isa = PBXSourcesBuildPhase;
			buildActionMask = 2147483647;
			files = (
				BFD6744F2B05EBE60086932A /* main.swift in Sources */,
			);
			runOnlyForDeploymentPostprocessing = 0;
		};
		BFFB2E752B05363300254090 /* Sources */ = {
			isa = PBXSourcesBuildPhase;
			buildActionMask = 2147483647;
			files = (
				BF6C7E162B0E25B8006DB858 /* BTreePageInspectorViewController.swift in Sources */,
				BF6C7E1D2B0E3543006DB858 /* FieldCellField.swift in Sources */,
				BFD6747D2B06689E0086932A /* BufferBrowserViewController.swift in Sources */,
				BFD674792B065A9C0086932A /* BufferBrowserView.swift in Sources */,
				BFFB2E7F2B05363300254090 /* PrimaryViewController.swift in Sources */,
				BF6C7E132B0E259A006DB858 /* BTreePageInspectorWindowController.swift in Sources */,
				BF70EF0B2B2F00BC00973B1B /* PageBrowserViewController.swift in Sources */,
				BFFE7E7C2B1B980C00776231 /* RepositoryBrowserViewController.swift in Sources */,
				BFD674762B0659DA0086932A /* BufferBrowserWindowController.swift in Sources */,
				BFFB2E7D2B05363300254090 /* AppDelegate.swift in Sources */,
				BF521F3B2B148EF200EAFC53 /* BufferBrowserPopoverViewController.swift in Sources */,
				BF6C7E1B2B0E307E006DB858 /* FieldValueField.swift in Sources */,
			);
			runOnlyForDeploymentPostprocessing = 0;
		};
/* End PBXSourcesBuildPhase section */

/* Begin XCBuildConfiguration section */
		BFD674512B05EBE60086932A /* Debug */ = {
			isa = XCBuildConfiguration;
			buildSettings = {
				CODE_SIGN_STYLE = Automatic;
				DEAD_CODE_STRIPPING = YES;
				DEVELOPMENT_TEAM = DLH9UBQV34;
				ENABLE_HARDENED_RUNTIME = YES;
				INFOPLIST_KEY_NSMainStoryboardFile = Main;
				"INFOPLIST_KEY_UIMainStoryboardFile[sdk=*]" = Main;
				MACOSX_DEPLOYMENT_TARGET = 13.0;
				PRODUCT_NAME = "$(TARGET_NAME)";
				SDKROOT = macosx;
				SWIFT_INCLUDE_PATHS = "${SRCROOT}/Medusa/Fletcher32";
				SWIFT_VERSION = 5.0;
			};
			name = Debug;
		};
		BFD674522B05EBE60086932A /* Release */ = {
			isa = XCBuildConfiguration;
			buildSettings = {
				CODE_SIGN_STYLE = Automatic;
				DEAD_CODE_STRIPPING = YES;
				DEVELOPMENT_TEAM = DLH9UBQV34;
				ENABLE_HARDENED_RUNTIME = YES;
				INFOPLIST_KEY_NSMainStoryboardFile = Main;
				"INFOPLIST_KEY_UIMainStoryboardFile[sdk=*]" = Main;
				MACOSX_DEPLOYMENT_TARGET = 13.0;
				PRODUCT_NAME = "$(TARGET_NAME)";
				SDKROOT = macosx;
				SWIFT_INCLUDE_PATHS = "${SRCROOT}/Medusa/Fletcher32";
				SWIFT_VERSION = 5.0;
			};
			name = Release;
		};
		BFFB2E862B05363500254090 /* Debug */ = {
			isa = XCBuildConfiguration;
			buildSettings = {
				ALWAYS_SEARCH_USER_PATHS = NO;
				ASSETCATALOG_COMPILER_GENERATE_SWIFT_ASSET_SYMBOL_EXTENSIONS = YES;
				CLANG_ANALYZER_NONNULL = YES;
				CLANG_ANALYZER_NUMBER_OBJECT_CONVERSION = YES_AGGRESSIVE;
				CLANG_CXX_LANGUAGE_STANDARD = "gnu++20";
				CLANG_ENABLE_MODULES = YES;
				CLANG_ENABLE_OBJC_ARC = YES;
				CLANG_ENABLE_OBJC_WEAK = YES;
				CLANG_WARN_BLOCK_CAPTURE_AUTORELEASING = YES;
				CLANG_WARN_BOOL_CONVERSION = YES;
				CLANG_WARN_COMMA = YES;
				CLANG_WARN_CONSTANT_CONVERSION = YES;
				CLANG_WARN_DEPRECATED_OBJC_IMPLEMENTATIONS = YES;
				CLANG_WARN_DIRECT_OBJC_ISA_USAGE = YES_ERROR;
				CLANG_WARN_DOCUMENTATION_COMMENTS = YES;
				CLANG_WARN_EMPTY_BODY = YES;
				CLANG_WARN_ENUM_CONVERSION = YES;
				CLANG_WARN_INFINITE_RECURSION = YES;
				CLANG_WARN_INT_CONVERSION = YES;
				CLANG_WARN_NON_LITERAL_NULL_CONVERSION = YES;
				CLANG_WARN_OBJC_IMPLICIT_RETAIN_SELF = YES;
				CLANG_WARN_OBJC_LITERAL_CONVERSION = YES;
				CLANG_WARN_OBJC_ROOT_CLASS = YES_ERROR;
				CLANG_WARN_QUOTED_INCLUDE_IN_FRAMEWORK_HEADER = YES;
				CLANG_WARN_RANGE_LOOP_ANALYSIS = YES;
				CLANG_WARN_STRICT_PROTOTYPES = YES;
				CLANG_WARN_SUSPICIOUS_MOVE = YES;
				CLANG_WARN_UNGUARDED_AVAILABILITY = YES_AGGRESSIVE;
				CLANG_WARN_UNREACHABLE_CODE = YES;
				CLANG_WARN__DUPLICATE_METHOD_MATCH = YES;
				COPY_PHASE_STRIP = NO;
				DEAD_CODE_STRIPPING = YES;
				DEBUG_INFORMATION_FORMAT = dwarf;
				ENABLE_STRICT_OBJC_MSGSEND = YES;
				ENABLE_TESTABILITY = YES;
				ENABLE_USER_SCRIPT_SANDBOXING = YES;
				GCC_C_LANGUAGE_STANDARD = gnu17;
				GCC_DYNAMIC_NO_PIC = NO;
				GCC_NO_COMMON_BLOCKS = YES;
				GCC_OPTIMIZATION_LEVEL = 0;
				GCC_PREPROCESSOR_DEFINITIONS = (
					"DEBUG=1",
					"$(inherited)",
				);
				GCC_WARN_64_TO_32_BIT_CONVERSION = YES;
				GCC_WARN_ABOUT_RETURN_TYPE = YES_ERROR;
				GCC_WARN_UNDECLARED_SELECTOR = YES;
				GCC_WARN_UNINITIALIZED_AUTOS = YES_AGGRESSIVE;
				GCC_WARN_UNUSED_FUNCTION = YES;
				GCC_WARN_UNUSED_VARIABLE = YES;
				LOCALIZATION_PREFERS_STRING_CATALOGS = YES;
				MACOSX_DEPLOYMENT_TARGET = 13.0;
				MTL_ENABLE_DEBUG_INFO = INCLUDE_SOURCE;
				MTL_FAST_MATH = YES;
				ONLY_ACTIVE_ARCH = YES;
				SDKROOT = macosx;
				SWIFT_ACTIVE_COMPILATION_CONDITIONS = "DEBUG $(inherited)";
				SWIFT_OPTIMIZATION_LEVEL = "-Onone";
			};
			name = Debug;
		};
		BFFB2E872B05363500254090 /* Release */ = {
			isa = XCBuildConfiguration;
			buildSettings = {
				ALWAYS_SEARCH_USER_PATHS = NO;
				ASSETCATALOG_COMPILER_GENERATE_SWIFT_ASSET_SYMBOL_EXTENSIONS = YES;
				CLANG_ANALYZER_NONNULL = YES;
				CLANG_ANALYZER_NUMBER_OBJECT_CONVERSION = YES_AGGRESSIVE;
				CLANG_CXX_LANGUAGE_STANDARD = "gnu++20";
				CLANG_ENABLE_MODULES = YES;
				CLANG_ENABLE_OBJC_ARC = YES;
				CLANG_ENABLE_OBJC_WEAK = YES;
				CLANG_WARN_BLOCK_CAPTURE_AUTORELEASING = YES;
				CLANG_WARN_BOOL_CONVERSION = YES;
				CLANG_WARN_COMMA = YES;
				CLANG_WARN_CONSTANT_CONVERSION = YES;
				CLANG_WARN_DEPRECATED_OBJC_IMPLEMENTATIONS = YES;
				CLANG_WARN_DIRECT_OBJC_ISA_USAGE = YES_ERROR;
				CLANG_WARN_DOCUMENTATION_COMMENTS = YES;
				CLANG_WARN_EMPTY_BODY = YES;
				CLANG_WARN_ENUM_CONVERSION = YES;
				CLANG_WARN_INFINITE_RECURSION = YES;
				CLANG_WARN_INT_CONVERSION = YES;
				CLANG_WARN_NON_LITERAL_NULL_CONVERSION = YES;
				CLANG_WARN_OBJC_IMPLICIT_RETAIN_SELF = YES;
				CLANG_WARN_OBJC_LITERAL_CONVERSION = YES;
				CLANG_WARN_OBJC_ROOT_CLASS = YES_ERROR;
				CLANG_WARN_QUOTED_INCLUDE_IN_FRAMEWORK_HEADER = YES;
				CLANG_WARN_RANGE_LOOP_ANALYSIS = YES;
				CLANG_WARN_STRICT_PROTOTYPES = YES;
				CLANG_WARN_SUSPICIOUS_MOVE = YES;
				CLANG_WARN_UNGUARDED_AVAILABILITY = YES_AGGRESSIVE;
				CLANG_WARN_UNREACHABLE_CODE = YES;
				CLANG_WARN__DUPLICATE_METHOD_MATCH = YES;
				COPY_PHASE_STRIP = NO;
				DEAD_CODE_STRIPPING = YES;
				DEBUG_INFORMATION_FORMAT = "dwarf-with-dsym";
				ENABLE_NS_ASSERTIONS = NO;
				ENABLE_STRICT_OBJC_MSGSEND = YES;
				ENABLE_USER_SCRIPT_SANDBOXING = YES;
				GCC_C_LANGUAGE_STANDARD = gnu17;
				GCC_NO_COMMON_BLOCKS = YES;
				GCC_WARN_64_TO_32_BIT_CONVERSION = YES;
				GCC_WARN_ABOUT_RETURN_TYPE = YES_ERROR;
				GCC_WARN_UNDECLARED_SELECTOR = YES;
				GCC_WARN_UNINITIALIZED_AUTOS = YES_AGGRESSIVE;
				GCC_WARN_UNUSED_FUNCTION = YES;
				GCC_WARN_UNUSED_VARIABLE = YES;
				LOCALIZATION_PREFERS_STRING_CATALOGS = YES;
				MACOSX_DEPLOYMENT_TARGET = 13.0;
				MTL_ENABLE_DEBUG_INFO = NO;
				MTL_FAST_MATH = YES;
				SDKROOT = macosx;
				SWIFT_COMPILATION_MODE = wholemodule;
			};
			name = Release;
		};
		BFFB2E892B05363500254090 /* Debug */ = {
			isa = XCBuildConfiguration;
			buildSettings = {
				ASSETCATALOG_COMPILER_APPICON_NAME = AppIcon;
				ASSETCATALOG_COMPILER_GLOBAL_ACCENT_COLOR_NAME = AccentColor;
				CLANG_ENABLE_MODULES = YES;
				CODE_SIGN_ENTITLEMENTS = Medusa/Medusa.entitlements;
				CODE_SIGN_STYLE = Automatic;
				COMBINE_HIDPI_IMAGES = YES;
				CURRENT_PROJECT_VERSION = 1;
				DEAD_CODE_STRIPPING = YES;
				DEVELOPMENT_TEAM = DLH9UBQV34;
				ENABLE_HARDENED_RUNTIME = YES;
				GENERATE_INFOPLIST_FILE = YES;
				INFOPLIST_KEY_NSHumanReadableCopyright = "";
				INFOPLIST_KEY_NSMainStoryboardFile = Main;
				INFOPLIST_KEY_NSPrincipalClass = NSApplication;
				LD_RUNPATH_SEARCH_PATHS = (
					"$(inherited)",
					"@executable_path/../Frameworks",
				);
				MACOSX_DEPLOYMENT_TARGET = 14.2;
				MARKETING_VERSION = 1.0;
				PRODUCT_BUNDLE_IDENTIFIER = com.macsemantics.Medusa;
				PRODUCT_NAME = "$(TARGET_NAME)";
				SDKROOT = macosx;
				SWIFT_EMIT_LOC_STRINGS = YES;
				SWIFT_INCLUDE_PATHS = "${SRCROOT}/Medusa/Fletcher";
				SWIFT_OPTIMIZATION_LEVEL = "-Onone";
				SWIFT_VERSION = 5.0;
			};
			name = Debug;
		};
		BFFB2E8A2B05363500254090 /* Release */ = {
			isa = XCBuildConfiguration;
			buildSettings = {
				ASSETCATALOG_COMPILER_APPICON_NAME = AppIcon;
				ASSETCATALOG_COMPILER_GLOBAL_ACCENT_COLOR_NAME = AccentColor;
				CLANG_ENABLE_MODULES = YES;
				CODE_SIGN_ENTITLEMENTS = Medusa/Medusa.entitlements;
				CODE_SIGN_STYLE = Automatic;
				COMBINE_HIDPI_IMAGES = YES;
				CURRENT_PROJECT_VERSION = 1;
				DEAD_CODE_STRIPPING = YES;
				DEVELOPMENT_TEAM = DLH9UBQV34;
				ENABLE_HARDENED_RUNTIME = YES;
				GENERATE_INFOPLIST_FILE = YES;
				INFOPLIST_KEY_NSHumanReadableCopyright = "";
				INFOPLIST_KEY_NSMainStoryboardFile = Main;
				INFOPLIST_KEY_NSPrincipalClass = NSApplication;
				LD_RUNPATH_SEARCH_PATHS = (
					"$(inherited)",
					"@executable_path/../Frameworks",
				);
				MACOSX_DEPLOYMENT_TARGET = 14.2;
				MARKETING_VERSION = 1.0;
				PRODUCT_BUNDLE_IDENTIFIER = com.macsemantics.Medusa;
				PRODUCT_NAME = "$(TARGET_NAME)";
				SDKROOT = macosx;
				SWIFT_EMIT_LOC_STRINGS = YES;
				SWIFT_INCLUDE_PATHS = "${SRCROOT}/Medusa/Fletcher";
				SWIFT_VERSION = 5.0;
			};
			name = Release;
		};
/* End XCBuildConfiguration section */

/* Begin XCConfigurationList section */
		BFD674502B05EBE60086932A /* Build configuration list for PBXNativeTarget "MedusaTester" */ = {
			isa = XCConfigurationList;
			buildConfigurations = (
				BFD674512B05EBE60086932A /* Debug */,
				BFD674522B05EBE60086932A /* Release */,
			);
			defaultConfigurationIsVisible = 0;
			defaultConfigurationName = Release;
		};
		BFFB2E742B05363300254090 /* Build configuration list for PBXProject "Medusa" */ = {
			isa = XCConfigurationList;
			buildConfigurations = (
				BFFB2E862B05363500254090 /* Debug */,
				BFFB2E872B05363500254090 /* Release */,
			);
			defaultConfigurationIsVisible = 0;
			defaultConfigurationName = Release;
		};
		BFFB2E882B05363500254090 /* Build configuration list for PBXNativeTarget "Medusa" */ = {
			isa = XCConfigurationList;
			buildConfigurations = (
				BFFB2E892B05363500254090 /* Debug */,
				BFFB2E8A2B05363500254090 /* Release */,
			);
			defaultConfigurationIsVisible = 0;
			defaultConfigurationName = Release;
		};
/* End XCConfigurationList section */

/* Begin XCRemoteSwiftPackageReference section */
		BF9B5E392B28C05700BDF2D8 /* XCRemoteSwiftPackageReference "BlueSocket" */ = {
			isa = XCRemoteSwiftPackageReference;
			repositoryURL = "https://github.com/Kitura/BlueSocket.git";
			requirement = {
				kind = upToNextMajorVersion;
				minimumVersion = 2.0.4;
			};
		};
/* End XCRemoteSwiftPackageReference section */

/* Begin XCSwiftPackageProductDependency section */
		BF1504212B28A09200FFD996 /* MedusaCore */ = {
			isa = XCSwiftPackageProductDependency;
			productName = MedusaCore;
		};
		BF2B00EB2B20AFAD00E83152 /* MedusaStorage */ = {
			isa = XCSwiftPackageProductDependency;
			productName = MedusaStorage;
		};
		BF327E1A2B2211360077FF6B /* MedusaPaging */ = {
			isa = XCSwiftPackageProductDependency;
			productName = MedusaPaging;
		};
		BF75F1E22B28922F0046F259 /* MedusaNetworking */ = {
			isa = XCSwiftPackageProductDependency;
			productName = MedusaNetworking;
		};
		BF9B5E3A2B28C05700BDF2D8 /* Socket */ = {
			isa = XCSwiftPackageProductDependency;
			package = BF9B5E392B28C05700BDF2D8 /* XCRemoteSwiftPackageReference "BlueSocket" */;
			productName = Socket;
		};
		BF9B5E3F2B28C7A200BDF2D8 /* Fletcher */ = {
			isa = XCSwiftPackageProductDependency;
			productName = Fletcher;
		};
		BFAE71F12B1FAD8500C15E0F /* MedusaObjectModel */ = {
			isa = XCSwiftPackageProductDependency;
			productName = MedusaObjectModel;
		};
		BFD6E1C82B238C9A00FC0A0A /* MedusaAgents */ = {
			isa = XCSwiftPackageProductDependency;
			productName = MedusaAgents;
		};
/* End XCSwiftPackageProductDependency section */
	};
	rootObject = BFFB2E712B05363300254090 /* Project object */;
}
