// !$*UTF8*$!
{
	archiveVersion = 1;
	classes = {
	};
	objectVersion = 56;
	objects = {

/* Begin PBXBuildFile section */
		BF06A4972B1E724F0034D7BF /* MOPAddress.swift in Sources */ = {isa = PBXBuildFile; fileRef = BF06A4962B1E724F0034D7BF /* MOPAddress.swift */; };
		BF2B00EC2B20AFAD00E83152 /* MedusaStorage in Frameworks */ = {isa = PBXBuildFile; productRef = BF2B00EB2B20AFAD00E83152 /* MedusaStorage */; };
		BF327E1B2B2211360077FF6B /* MedusaPaging in Frameworks */ = {isa = PBXBuildFile; productRef = BF327E1A2B2211360077FF6B /* MedusaPaging */; };
		BF521F3B2B148EF200EAFC53 /* BufferBrowserPopoverViewController.swift in Sources */ = {isa = PBXBuildFile; fileRef = BF521F3A2B148EF200EAFC53 /* BufferBrowserPopoverViewController.swift */; };
		BF6C7E132B0E259A006DB858 /* BTreePageInspectorWindowController.swift in Sources */ = {isa = PBXBuildFile; fileRef = BF6C7E122B0E259A006DB858 /* BTreePageInspectorWindowController.swift */; };
		BF6C7E162B0E25B8006DB858 /* BTreePageInspectorViewController.swift in Sources */ = {isa = PBXBuildFile; fileRef = BF6C7E142B0E25B8006DB858 /* BTreePageInspectorViewController.swift */; };
		BF6C7E1B2B0E307E006DB858 /* FieldValueField.swift in Sources */ = {isa = PBXBuildFile; fileRef = BF6C7E1A2B0E307E006DB858 /* FieldValueField.swift */; };
		BF6C7E1D2B0E3543006DB858 /* FieldCellField.swift in Sources */ = {isa = PBXBuildFile; fileRef = BF6C7E1C2B0E3543006DB858 /* FieldCellField.swift */; };
		BFA944542B1111C100526CF1 /* File.swift in Sources */ = {isa = PBXBuildFile; fileRef = BFA944532B1111C100526CF1 /* File.swift */; };
		BFA944582B1113EE00526CF1 /* Path in Frameworks */ = {isa = PBXBuildFile; productRef = BFA944572B1113EE00526CF1 /* Path */; };
		BFAAF03E2B0FE55A00A2FFD1 /* SystemIssue.swift in Sources */ = {isa = PBXBuildFile; fileRef = BFAAF03D2B0FE55A00A2FFD1 /* SystemIssue.swift */; };
		BFAE71F02B1FAD8000C15E0F /* MedusaCore in Frameworks */ = {isa = PBXBuildFile; productRef = BFAE71EF2B1FAD8000C15E0F /* MedusaCore */; };
		BFAE71F22B1FAD8500C15E0F /* MedusaObjectModel in Frameworks */ = {isa = PBXBuildFile; productRef = BFAE71F12B1FAD8500C15E0F /* MedusaObjectModel */; };
		BFBAF5132B172BC1003ED388 /* FileHandle.swift in Sources */ = {isa = PBXBuildFile; fileRef = BFBAF5122B172BC1003ED388 /* FileHandle.swift */; };
		BFD674432B05E6010086932A /* Socket in Frameworks */ = {isa = PBXBuildFile; productRef = BFD674422B05E6010086932A /* Socket */; };
		BFD674452B05E79F0086932A /* Info.plist in Resources */ = {isa = PBXBuildFile; fileRef = BFD674442B05E79F0086932A /* Info.plist */; };
		BFD674472B05EAE20086932A /* Medusa.swift in Sources */ = {isa = PBXBuildFile; fileRef = BFD674462B05EAE20086932A /* Medusa.swift */; };
		BFD6744F2B05EBE60086932A /* main.swift in Sources */ = {isa = PBXBuildFile; fileRef = BFD6744E2B05EBE60086932A /* main.swift */; };
		BFD674762B0659DA0086932A /* BufferBrowserWindowController.swift in Sources */ = {isa = PBXBuildFile; fileRef = BFD674742B0659DA0086932A /* BufferBrowserWindowController.swift */; };
		BFD674792B065A9C0086932A /* BufferBrowserView.swift in Sources */ = {isa = PBXBuildFile; fileRef = BFD674782B065A9C0086932A /* BufferBrowserView.swift */; };
		BFD6747D2B06689E0086932A /* BufferBrowserViewController.swift in Sources */ = {isa = PBXBuildFile; fileRef = BFD6747C2B06689E0086932A /* BufferBrowserViewController.swift */; };
		BFD674812B066A560086932A /* Main.storyboard in Resources */ = {isa = PBXBuildFile; fileRef = BFD674802B066A560086932A /* Main.storyboard */; };
		BFD6E1C92B238C9A00FC0A0A /* MedusaAgents in Frameworks */ = {isa = PBXBuildFile; productRef = BFD6E1C82B238C9A00FC0A0A /* MedusaAgents */; };
		BFE6B3532B25D1950077ADF0 /* MedusaNetworking in Frameworks */ = {isa = PBXBuildFile; productRef = BFE6B3522B25D1950077ADF0 /* MedusaNetworking */; };
		BFEEF9262B1C8CBD00F42C58 /* Path+Extensions.swift in Sources */ = {isa = PBXBuildFile; fileRef = BFEEF9252B1C8CBD00F42C58 /* Path+Extensions.swift */; };
		BFEEF92F2B1CFABC00F42C58 /* Task+Extensions.swift in Sources */ = {isa = PBXBuildFile; fileRef = BFEEF92E2B1CFABC00F42C58 /* Task+Extensions.swift */; };
		BFFB2E7D2B05363300254090 /* AppDelegate.swift in Sources */ = {isa = PBXBuildFile; fileRef = BFFB2E7C2B05363300254090 /* AppDelegate.swift */; };
		BFFB2E7F2B05363300254090 /* PrimaryViewController.swift in Sources */ = {isa = PBXBuildFile; fileRef = BFFB2E7E2B05363300254090 /* PrimaryViewController.swift */; };
		BFFB2E812B05363500254090 /* Assets.xcassets in Resources */ = {isa = PBXBuildFile; fileRef = BFFB2E802B05363500254090 /* Assets.xcassets */; };
		BFFE7E7C2B1B980C00776231 /* RepositoryBrowserViewController.swift in Sources */ = {isa = PBXBuildFile; fileRef = BFFE7E7B2B1B980C00776231 /* RepositoryBrowserViewController.swift */; };
/* End PBXBuildFile section */

/* Begin PBXCopyFilesBuildPhase section */
		BFD6744A2B05EBE60086932A /* CopyFiles */ = {
			isa = PBXCopyFilesBuildPhase;
			buildActionMask = 2147483647;
			dstPath = /usr/share/man/man1/;
			dstSubfolderSpec = 0;
			files = (
			);
			runOnlyForDeploymentPostprocessing = 1;
		};
/* End PBXCopyFilesBuildPhase section */

/* Begin PBXFileReference section */
		BF06A4882B1E1FDE0034D7BF /* MOPStringObject.swift */ = {isa = PBXFileReference; lastKnownFileType = sourcecode.swift; path = MOPStringObject.swift; sourceTree = "<group>"; };
		BF06A48A2B1E51810034D7BF /* MOPSystemDictionary.swift */ = {isa = PBXFileReference; lastKnownFileType = sourcecode.swift; path = MOPSystemDictionary.swift; sourceTree = "<group>"; };
		BF06A48E2B1E53ED0034D7BF /* MOPDictionary.swift */ = {isa = PBXFileReference; lastKnownFileType = sourcecode.swift; path = MOPDictionary.swift; sourceTree = "<group>"; };
		BF06A4902B1E54460034D7BF /* MOPIdentityDictionary.swift */ = {isa = PBXFileReference; lastKnownFileType = sourcecode.swift; path = MOPIdentityDictionary.swift; sourceTree = "<group>"; };
		BF06A4922B1E54EE0034D7BF /* MOPKey.swift */ = {isa = PBXFileReference; lastKnownFileType = sourcecode.swift; path = MOPKey.swift; sourceTree = "<group>"; };
		BF06A4942B1E65BC0034D7BF /* MOPHeader.swift */ = {isa = PBXFileReference; lastKnownFileType = sourcecode.swift; path = MOPHeader.swift; sourceTree = "<group>"; };
		BF06A4962B1E724F0034D7BF /* MOPAddress.swift */ = {isa = PBXFileReference; lastKnownFileType = sourcecode.swift; path = MOPAddress.swift; sourceTree = "<group>"; };
		BF1927AF2B1A6B4200643243 /* MOPMessage.swift */ = {isa = PBXFileReference; lastKnownFileType = sourcecode.swift; path = MOPMessage.swift; sourceTree = "<group>"; };
		BF1927B12B1A741700643243 /* MOPString.swift */ = {isa = PBXFileReference; lastKnownFileType = sourcecode.swift; path = MOPString.swift; sourceTree = "<group>"; };
		BF1927B32B1A7F6400643243 /* MOPIPv6Address.swift */ = {isa = PBXFileReference; lastKnownFileType = sourcecode.swift; path = MOPIPv6Address.swift; sourceTree = "<group>"; };
		BF1927B52B1A7FC200643243 /* MOPBits.swift */ = {isa = PBXFileReference; lastKnownFileType = sourcecode.swift; path = MOPBits.swift; sourceTree = "<group>"; };
		BF2B00EA2B20716200E83152 /* MedusaStorage */ = {isa = PBXFileReference; lastKnownFileType = wrapper; path = MedusaStorage; sourceTree = "<group>"; };
		BF327E192B2210620077FF6B /* MedusaPaging */ = {isa = PBXFileReference; lastKnownFileType = wrapper; path = MedusaPaging; sourceTree = "<group>"; };
		BF327E1C2B2215630077FF6B /* Fletcher */ = {isa = PBXFileReference; lastKnownFileType = wrapper; path = Fletcher; sourceTree = "<group>"; };
		BF521F3A2B148EF200EAFC53 /* BufferBrowserPopoverViewController.swift */ = {isa = PBXFileReference; lastKnownFileType = sourcecode.swift; path = BufferBrowserPopoverViewController.swift; sourceTree = "<group>"; };
		BF6C7E122B0E259A006DB858 /* BTreePageInspectorWindowController.swift */ = {isa = PBXFileReference; lastKnownFileType = sourcecode.swift; path = BTreePageInspectorWindowController.swift; sourceTree = "<group>"; };
		BF6C7E142B0E25B8006DB858 /* BTreePageInspectorViewController.swift */ = {isa = PBXFileReference; lastKnownFileType = sourcecode.swift; path = BTreePageInspectorViewController.swift; sourceTree = "<group>"; };
		BF6C7E1A2B0E307E006DB858 /* FieldValueField.swift */ = {isa = PBXFileReference; lastKnownFileType = sourcecode.swift; path = FieldValueField.swift; sourceTree = "<group>"; };
		BF6C7E1C2B0E3543006DB858 /* FieldCellField.swift */ = {isa = PBXFileReference; lastKnownFileType = sourcecode.swift; path = FieldCellField.swift; sourceTree = "<group>"; };
		BF7075F72B16016300E3F6D8 /* BTree.swift */ = {isa = PBXFileReference; lastKnownFileType = sourcecode.swift; path = BTree.swift; sourceTree = "<group>"; };
		BF7075F92B1626C100E3F6D8 /* Stack.swift */ = {isa = PBXFileReference; fileEncoding = 4; lastKnownFileType = sourcecode.swift; path = Stack.swift; sourceTree = "<group>"; };
		BF7075FB2B162D5A00E3F6D8 /* Identifier.swift */ = {isa = PBXFileReference; fileEncoding = 4; lastKnownFileType = sourcecode.swift; path = Identifier.swift; sourceTree = "<group>"; };
		BF7075FD2B16300B00E3F6D8 /* MOPModule.swift */ = {isa = PBXFileReference; lastKnownFileType = sourcecode.swift; path = MOPModule.swift; sourceTree = "<group>"; };
		BF7076012B16594100E3F6D8 /* MOPRoot.swift */ = {isa = PBXFileReference; lastKnownFileType = sourcecode.swift; path = MOPRoot.swift; sourceTree = "<group>"; };
		BF7DE3262B22416A00035966 /* MedusaAgents */ = {isa = PBXFileReference; lastKnownFileType = wrapper; path = MedusaAgents; sourceTree = "<group>"; };
		BF7FFCCA2B079CA3001D2F93 /* MOPChannel.swift */ = {isa = PBXFileReference; lastKnownFileType = sourcecode.swift; path = MOPChannel.swift; sourceTree = "<group>"; };
		BF7FFCCC2B079CB9001D2F93 /* MOPWriter.swift */ = {isa = PBXFileReference; lastKnownFileType = sourcecode.swift; path = MOPWriter.swift; sourceTree = "<group>"; };
		BF7FFCCE2B079CDA001D2F93 /* MOPReader.swift */ = {isa = PBXFileReference; lastKnownFileType = sourcecode.swift; path = MOPReader.swift; sourceTree = "<group>"; };
		BF7FFCD02B079D10001D2F93 /* MOPInstance.swift */ = {isa = PBXFileReference; lastKnownFileType = sourcecode.swift; path = MOPInstance.swift; sourceTree = "<group>"; };
		BF7FFCD22B079D48001D2F93 /* MOPObject.swift */ = {isa = PBXFileReference; lastKnownFileType = sourcecode.swift; path = MOPObject.swift; sourceTree = "<group>"; };
		BF7FFCD42B079D67001D2F93 /* MOPPrimitives.swift */ = {isa = PBXFileReference; lastKnownFileType = sourcecode.swift; path = MOPPrimitives.swift; sourceTree = "<group>"; };
		BF7FFCD62B079DA1001D2F93 /* MOPClass.swift */ = {isa = PBXFileReference; lastKnownFileType = sourcecode.swift; path = MOPClass.swift; sourceTree = "<group>"; };
		BF7FFCD82B079DC1001D2F93 /* MOPSlot.swift */ = {isa = PBXFileReference; lastKnownFileType = sourcecode.swift; path = MOPSlot.swift; sourceTree = "<group>"; };
		BF7FFCDA2B07A04F001D2F93 /* MOPBuffer.swift */ = {isa = PBXFileReference; lastKnownFileType = sourcecode.swift; path = MOPBuffer.swift; sourceTree = "<group>"; };
		BF7FFCDE2B07AA72001D2F93 /* MOPEnumeration.swift */ = {isa = PBXFileReference; lastKnownFileType = sourcecode.swift; path = MOPEnumeration.swift; sourceTree = "<group>"; };
		BF7FFCE22B07AB3D001D2F93 /* MOPEnumerationCase.swift */ = {isa = PBXFileReference; lastKnownFileType = sourcecode.swift; path = MOPEnumerationCase.swift; sourceTree = "<group>"; };
		BF7FFCE42B07FEF9001D2F93 /* MOPRepository.swift */ = {isa = PBXFileReference; lastKnownFileType = sourcecode.swift; path = MOPRepository.swift; sourceTree = "<group>"; };
		BF9369422B0BF33700921D6E /* Page.swift */ = {isa = PBXFileReference; lastKnownFileType = sourcecode.swift; path = Page.swift; sourceTree = "<group>"; };
		BFA944532B1111C100526CF1 /* File.swift */ = {isa = PBXFileReference; lastKnownFileType = sourcecode.swift; path = File.swift; sourceTree = "<group>"; };
		BFAAF03D2B0FE55A00A2FFD1 /* SystemIssue.swift */ = {isa = PBXFileReference; lastKnownFileType = sourcecode.swift; path = SystemIssue.swift; sourceTree = "<group>"; };
		BFAE71ED2B1FABA600C15E0F /* MedusaCore */ = {isa = PBXFileReference; lastKnownFileType = wrapper; path = MedusaCore; sourceTree = "<group>"; };
		BFAE71EE2B1FABED00C15E0F /* MedusaObjectModel */ = {isa = PBXFileReference; lastKnownFileType = wrapper; path = MedusaObjectModel; sourceTree = "<group>"; };
		BFB51D2B2B25D22A00785708 /* MedusaNetworking */ = {isa = PBXFileReference; lastKnownFileType = wrapper; name = MedusaNetworking; path = ../../../Desktop/MedusaNetworking; sourceTree = "<group>"; };
		BFBAF5122B172BC1003ED388 /* FileHandle.swift */ = {isa = PBXFileReference; lastKnownFileType = sourcecode.swift; path = FileHandle.swift; sourceTree = "<group>"; };
		BFD674442B05E79F0086932A /* Info.plist */ = {isa = PBXFileReference; lastKnownFileType = text.plist.xml; path = Info.plist; sourceTree = "<group>"; };
		BFD674462B05EAE20086932A /* Medusa.swift */ = {isa = PBXFileReference; lastKnownFileType = sourcecode.swift; path = Medusa.swift; sourceTree = "<group>"; };
		BFD6744C2B05EBE60086932A /* MedusaTester */ = {isa = PBXFileReference; explicitFileType = "compiled.mach-o.executable"; includeInIndex = 0; path = MedusaTester; sourceTree = BUILT_PRODUCTS_DIR; };
		BFD6744E2B05EBE60086932A /* main.swift */ = {isa = PBXFileReference; lastKnownFileType = sourcecode.swift; path = main.swift; sourceTree = "<group>"; };
		BFD674662B0607720086932A /* IPV6Address.swift */ = {isa = PBXFileReference; lastKnownFileType = sourcecode.swift; path = IPV6Address.swift; sourceTree = "<group>"; };
		BFD674742B0659DA0086932A /* BufferBrowserWindowController.swift */ = {isa = PBXFileReference; lastKnownFileType = sourcecode.swift; path = BufferBrowserWindowController.swift; sourceTree = "<group>"; };
		BFD674782B065A9C0086932A /* BufferBrowserView.swift */ = {isa = PBXFileReference; lastKnownFileType = sourcecode.swift; path = BufferBrowserView.swift; sourceTree = "<group>"; };
		BFD6747C2B06689E0086932A /* BufferBrowserViewController.swift */ = {isa = PBXFileReference; lastKnownFileType = sourcecode.swift; path = BufferBrowserViewController.swift; sourceTree = "<group>"; };
		BFD674802B066A560086932A /* Main.storyboard */ = {isa = PBXFileReference; lastKnownFileType = file.storyboard; path = Main.storyboard; sourceTree = "<group>"; };
		BFD674832B0689990086932A /* PermissionsToken.swift */ = {isa = PBXFileReference; lastKnownFileType = sourcecode.swift; path = PermissionsToken.swift; sourceTree = "<group>"; };
		BFEEF9252B1C8CBD00F42C58 /* Path+Extensions.swift */ = {isa = PBXFileReference; lastKnownFileType = sourcecode.swift; path = "Path+Extensions.swift"; sourceTree = "<group>"; };
		BFEEF92E2B1CFABC00F42C58 /* Task+Extensions.swift */ = {isa = PBXFileReference; lastKnownFileType = sourcecode.swift; path = "Task+Extensions.swift"; sourceTree = "<group>"; };
		BFEEF9302B1D03D900F42C58 /* Files.entitlements */ = {isa = PBXFileReference; lastKnownFileType = text.plist.entitlements; path = Files.entitlements; sourceTree = "<group>"; };
		BFFB2E792B05363300254090 /* Medusa.app */ = {isa = PBXFileReference; explicitFileType = wrapper.application; includeInIndex = 0; path = Medusa.app; sourceTree = BUILT_PRODUCTS_DIR; };
		BFFB2E7C2B05363300254090 /* AppDelegate.swift */ = {isa = PBXFileReference; lastKnownFileType = sourcecode.swift; path = AppDelegate.swift; sourceTree = "<group>"; };
		BFFB2E7E2B05363300254090 /* PrimaryViewController.swift */ = {isa = PBXFileReference; lastKnownFileType = sourcecode.swift; path = PrimaryViewController.swift; sourceTree = "<group>"; };
		BFFB2E802B05363500254090 /* Assets.xcassets */ = {isa = PBXFileReference; lastKnownFileType = folder.assetcatalog; path = Assets.xcassets; sourceTree = "<group>"; };
		BFFB2E852B05363500254090 /* Medusa.entitlements */ = {isa = PBXFileReference; lastKnownFileType = text.plist.entitlements; path = Medusa.entitlements; sourceTree = "<group>"; };
		BFFE7E792B1B5D1100776231 /* MOPMetaclass.swift */ = {isa = PBXFileReference; lastKnownFileType = sourcecode.swift; path = MOPMetaclass.swift; sourceTree = "<group>"; };
		BFFE7E7B2B1B980C00776231 /* RepositoryBrowserViewController.swift */ = {isa = PBXFileReference; lastKnownFileType = sourcecode.swift; path = RepositoryBrowserViewController.swift; sourceTree = "<group>"; };
/* End PBXFileReference section */

/* Begin PBXFrameworksBuildPhase section */
		BFD674492B05EBE60086932A /* Frameworks */ = {
			isa = PBXFrameworksBuildPhase;
			buildActionMask = 2147483647;
			files = (
			);
			runOnlyForDeploymentPostprocessing = 0;
		};
		BFFB2E762B05363300254090 /* Frameworks */ = {
			isa = PBXFrameworksBuildPhase;
			buildActionMask = 2147483647;
			files = (
				BFAE71F22B1FAD8500C15E0F /* MedusaObjectModel in Frameworks */,
				BFAE71F02B1FAD8000C15E0F /* MedusaCore in Frameworks */,
				BFD674432B05E6010086932A /* Socket in Frameworks */,
				BF327E1B2B2211360077FF6B /* MedusaPaging in Frameworks */,
				BFD6E1C92B238C9A00FC0A0A /* MedusaAgents in Frameworks */,
				BF2B00EC2B20AFAD00E83152 /* MedusaStorage in Frameworks */,
				BFA944582B1113EE00526CF1 /* Path in Frameworks */,
				BFE6B3532B25D1950077ADF0 /* MedusaNetworking in Frameworks */,
			);
			runOnlyForDeploymentPostprocessing = 0;
		};
/* End PBXFrameworksBuildPhase section */

/* Begin PBXGroup section */
		BF7FFCC92B079C8A001D2F93 /* Medusa Object Protocol Implementation */ = {
			isa = PBXGroup;
			children = (
				BF06A4962B1E724F0034D7BF /* MOPAddress.swift */,
				BF1927B52B1A7FC200643243 /* MOPBits.swift */,
				BF7FFCDA2B07A04F001D2F93 /* MOPBuffer.swift */,
				BF7FFCCA2B079CA3001D2F93 /* MOPChannel.swift */,
				BF7FFCD62B079DA1001D2F93 /* MOPClass.swift */,
				BF06A48E2B1E53ED0034D7BF /* MOPDictionary.swift */,
				BF7FFCDE2B07AA72001D2F93 /* MOPEnumeration.swift */,
				BF7FFCE22B07AB3D001D2F93 /* MOPEnumerationCase.swift */,
				BF06A4942B1E65BC0034D7BF /* MOPHeader.swift */,
				BF06A4902B1E54460034D7BF /* MOPIdentityDictionary.swift */,
				BF7FFCD02B079D10001D2F93 /* MOPInstance.swift */,
				BF1927B32B1A7F6400643243 /* MOPIPv6Address.swift */,
				BF06A4922B1E54EE0034D7BF /* MOPKey.swift */,
				BF1927AF2B1A6B4200643243 /* MOPMessage.swift */,
				BFFE7E792B1B5D1100776231 /* MOPMetaclass.swift */,
				BF7075FD2B16300B00E3F6D8 /* MOPModule.swift */,
				BF7FFCD22B079D48001D2F93 /* MOPObject.swift */,
				BF7FFCD42B079D67001D2F93 /* MOPPrimitives.swift */,
				BF7FFCCE2B079CDA001D2F93 /* MOPReader.swift */,
				BF7FFCE42B07FEF9001D2F93 /* MOPRepository.swift */,
				BF7076012B16594100E3F6D8 /* MOPRoot.swift */,
				BF7FFCD82B079DC1001D2F93 /* MOPSlot.swift */,
				BF1927B12B1A741700643243 /* MOPString.swift */,
				BF06A4882B1E1FDE0034D7BF /* MOPStringObject.swift */,
				BF06A48A2B1E51810034D7BF /* MOPSystemDictionary.swift */,
				BF7FFCCC2B079CB9001D2F93 /* MOPWriter.swift */,
			);
			path = "Medusa Object Protocol Implementation";
			sourceTree = "<group>";
		};
		BFA9444C2B110F0200526CF1 /* System Extensions */ = {
			isa = PBXGroup;
			children = (
				BFEEF9252B1C8CBD00F42C58 /* Path+Extensions.swift */,
				BFEEF92E2B1CFABC00F42C58 /* Task+Extensions.swift */,
			);
			path = "System Extensions";
			sourceTree = "<group>";
		};
		BFA9444D2B110F2B00526CF1 /* Error Handling */ = {
			isa = PBXGroup;
			children = (
				BFAAF03D2B0FE55A00A2FFD1 /* SystemIssue.swift */,
			);
			path = "Error Handling";
			sourceTree = "<group>";
		};
		BFA9444E2B11100700526CF1 /* BTree Page Inspector */ = {
			isa = PBXGroup;
			children = (
				BF6C7E142B0E25B8006DB858 /* BTreePageInspectorViewController.swift */,
				BF6C7E122B0E259A006DB858 /* BTreePageInspectorWindowController.swift */,
			);
			path = "BTree Page Inspector";
			sourceTree = "<group>";
		};
		BFA9444F2B11101F00526CF1 /* Buffer Browser */ = {
			isa = PBXGroup;
			children = (
				BF521F3A2B148EF200EAFC53 /* BufferBrowserPopoverViewController.swift */,
				BFD674782B065A9C0086932A /* BufferBrowserView.swift */,
				BFD6747C2B06689E0086932A /* BufferBrowserViewController.swift */,
				BFD674742B0659DA0086932A /* BufferBrowserWindowController.swift */,
			);
			path = "Buffer Browser";
			sourceTree = "<group>";
		};
		BFA944502B11102C00526CF1 /* Miscellaneous */ = {
			isa = PBXGroup;
			children = (
				BF6C7E1C2B0E3543006DB858 /* FieldCellField.swift */,
				BF6C7E1A2B0E307E006DB858 /* FieldValueField.swift */,
			);
			path = Miscellaneous;
			sourceTree = "<group>";
		};
		BFA944512B11106500526CF1 /* Primary View Controller */ = {
			isa = PBXGroup;
			children = (
				BFFB2E7E2B05363300254090 /* PrimaryViewController.swift */,
			);
			path = "Primary View Controller";
			sourceTree = "<group>";
		};
		BFA944522B1111AD00526CF1 /* Storage */ = {
			isa = PBXGroup;
			children = (
				BFA944532B1111C100526CF1 /* File.swift */,
				BFBAF5122B172BC1003ED388 /* FileHandle.swift */,
			);
			path = Storage;
			sourceTree = "<group>";
		};
		BFA944562B1113EE00526CF1 /* Frameworks */ = {
			isa = PBXGroup;
			children = (
			);
			name = Frameworks;
			sourceTree = "<group>";
		};
		BFD6744D2B05EBE60086932A /* MedusaTester */ = {
			isa = PBXGroup;
			children = (
				BFD6744E2B05EBE60086932A /* main.swift */,
			);
			path = MedusaTester;
			sourceTree = "<group>";
		};
		BFD674822B06749A0086932A /* User Interface */ = {
			isa = PBXGroup;
			children = (
				BFA9444E2B11100700526CF1 /* BTree Page Inspector */,
				BFA9444F2B11101F00526CF1 /* Buffer Browser */,
				BFA944502B11102C00526CF1 /* Miscellaneous */,
				BFA944512B11106500526CF1 /* Primary View Controller */,
				BFFE7E7D2B1B981600776231 /* RepositoryBrowser */,
			);
			path = "User Interface";
			sourceTree = "<group>";
		};
		BFD734AD2B06D7A400CD500D /* Networking */ = {
			isa = PBXGroup;
			children = (
				BFD674662B0607720086932A /* IPV6Address.swift */,
			);
			path = Networking;
			sourceTree = "<group>";
		};
		BFD734AE2B06D7DA00CD500D /* Plumbing */ = {
			isa = PBXGroup;
			children = (
				BF7075F72B16016300E3F6D8 /* BTree.swift */,
				BF7075FB2B162D5A00E3F6D8 /* Identifier.swift */,
				BF9369422B0BF33700921D6E /* Page.swift */,
				BFD674832B0689990086932A /* PermissionsToken.swift */,
				BF7075F92B1626C100E3F6D8 /* Stack.swift */,
			);
			path = Plumbing;
			sourceTree = "<group>";
		};
		BFFB2E702B05363300254090 = {
			isa = PBXGroup;
			children = (
				BF327E1C2B2215630077FF6B /* Fletcher */,
				BF7DE3262B22416A00035966 /* MedusaAgents */,
				BFAE71ED2B1FABA600C15E0F /* MedusaCore */,
				BFB51D2B2B25D22A00785708 /* MedusaNetworking */,
				BFAE71EE2B1FABED00C15E0F /* MedusaObjectModel */,
				BF327E192B2210620077FF6B /* MedusaPaging */,
				BF2B00EA2B20716200E83152 /* MedusaStorage */,
				BFEEF9302B1D03D900F42C58 /* Files.entitlements */,
				BFD674802B066A560086932A /* Main.storyboard */,
				BFD674442B05E79F0086932A /* Info.plist */,
				BFFB2E7B2B05363300254090 /* Medusa */,
				BFD6744D2B05EBE60086932A /* MedusaTester */,
				BFFB2E7A2B05363300254090 /* Products */,
				BFA944562B1113EE00526CF1 /* Frameworks */,
			);
			sourceTree = "<group>";
		};
		BFFB2E7A2B05363300254090 /* Products */ = {
			isa = PBXGroup;
			children = (
				BFFB2E792B05363300254090 /* Medusa.app */,
				BFD6744C2B05EBE60086932A /* MedusaTester */,
			);
			name = Products;
			sourceTree = "<group>";
		};
		BFFB2E7B2B05363300254090 /* Medusa */ = {
			isa = PBXGroup;
			children = (
				BFD674462B05EAE20086932A /* Medusa.swift */,
				BFA944522B1111AD00526CF1 /* Storage */,
				BFFB2E7C2B05363300254090 /* AppDelegate.swift */,
				BFFB2E802B05363500254090 /* Assets.xcassets */,
				BFA9444D2B110F2B00526CF1 /* Error Handling */,
				BF7FFCC92B079C8A001D2F93 /* Medusa Object Protocol Implementation */,
				BFFB2E852B05363500254090 /* Medusa.entitlements */,
				BFD734AD2B06D7A400CD500D /* Networking */,
				BFD734AE2B06D7DA00CD500D /* Plumbing */,
				BFA9444C2B110F0200526CF1 /* System Extensions */,
				BFD674822B06749A0086932A /* User Interface */,
			);
			path = Medusa;
			sourceTree = "<group>";
		};
		BFFE7E7D2B1B981600776231 /* RepositoryBrowser */ = {
			isa = PBXGroup;
			children = (
				BFFE7E7B2B1B980C00776231 /* RepositoryBrowserViewController.swift */,
			);
			path = RepositoryBrowser;
			sourceTree = "<group>";
		};
/* End PBXGroup section */

/* Begin PBXNativeTarget section */
		BFD6744B2B05EBE60086932A /* MedusaTester */ = {
			isa = PBXNativeTarget;
			buildConfigurationList = BFD674502B05EBE60086932A /* Build configuration list for PBXNativeTarget "MedusaTester" */;
			buildPhases = (
				BFD674482B05EBE60086932A /* Sources */,
				BFD674492B05EBE60086932A /* Frameworks */,
				BFD6744A2B05EBE60086932A /* CopyFiles */,
			);
			buildRules = (
			);
			dependencies = (
			);
			name = MedusaTester;
			productName = MedusaTester;
			productReference = BFD6744C2B05EBE60086932A /* MedusaTester */;
			productType = "com.apple.product-type.tool";
		};
		BFFB2E782B05363300254090 /* Medusa */ = {
			isa = PBXNativeTarget;
			buildConfigurationList = BFFB2E882B05363500254090 /* Build configuration list for PBXNativeTarget "Medusa" */;
			buildPhases = (
				BFFB2E752B05363300254090 /* Sources */,
				BFFB2E762B05363300254090 /* Frameworks */,
				BFFB2E772B05363300254090 /* Resources */,
			);
			buildRules = (
			);
			dependencies = (
			);
			name = Medusa;
			packageProductDependencies = (
				BFD674422B05E6010086932A /* Socket */,
				BFA944572B1113EE00526CF1 /* Path */,
				BFAE71EF2B1FAD8000C15E0F /* MedusaCore */,
				BFAE71F12B1FAD8500C15E0F /* MedusaObjectModel */,
				BF2B00EB2B20AFAD00E83152 /* MedusaStorage */,
				BF327E1A2B2211360077FF6B /* MedusaPaging */,
				BFD6E1C82B238C9A00FC0A0A /* MedusaAgents */,
				BFE6B3522B25D1950077ADF0 /* MedusaNetworking */,
			);
			productName = Medusa;
			productReference = BFFB2E792B05363300254090 /* Medusa.app */;
			productType = "com.apple.product-type.application";
		};
/* End PBXNativeTarget section */

/* Begin PBXProject section */
		BFFB2E712B05363300254090 /* Project object */ = {
			isa = PBXProject;
			attributes = {
				BuildIndependentTargetsInParallel = 1;
				LastSwiftUpdateCheck = 1500;
				LastUpgradeCheck = 1510;
				TargetAttributes = {
					BFD6744B2B05EBE60086932A = {
						CreatedOnToolsVersion = 15.0.1;
					};
					BFFB2E782B05363300254090 = {
						CreatedOnToolsVersion = 15.0.1;
						LastSwiftMigration = 1500;
					};
				};
			};
			buildConfigurationList = BFFB2E742B05363300254090 /* Build configuration list for PBXProject "Medusa" */;
			compatibilityVersion = "Xcode 14.0";
			developmentRegion = en;
			hasScannedForEncodings = 0;
			knownRegions = (
				en,
				Base,
			);
			mainGroup = BFFB2E702B05363300254090;
			packageReferences = (
				BFD674412B05E6010086932A /* XCRemoteSwiftPackageReference "BlueSocket" */,
				BFA944552B11126100526CF1 /* XCRemoteSwiftPackageReference "Path" */,
			);
			productRefGroup = BFFB2E7A2B05363300254090 /* Products */;
			projectDirPath = "";
			projectRoot = "";
			targets = (
				BFFB2E782B05363300254090 /* Medusa */,
				BFD6744B2B05EBE60086932A /* MedusaTester */,
			);
		};
/* End PBXProject section */

/* Begin PBXResourcesBuildPhase section */
		BFFB2E772B05363300254090 /* Resources */ = {
			isa = PBXResourcesBuildPhase;
			buildActionMask = 2147483647;
			files = (
				BFFB2E812B05363500254090 /* Assets.xcassets in Resources */,
				BFD674812B066A560086932A /* Main.storyboard in Resources */,
				BFD674452B05E79F0086932A /* Info.plist in Resources */,
			);
			runOnlyForDeploymentPostprocessing = 0;
		};
/* End PBXResourcesBuildPhase section */

/* Begin PBXSourcesBuildPhase section */
		BFD674482B05EBE60086932A /* Sources */ = {
			isa = PBXSourcesBuildPhase;
			buildActionMask = 2147483647;
			files = (
				BFD6744F2B05EBE60086932A /* main.swift in Sources */,
			);
			runOnlyForDeploymentPostprocessing = 0;
		};
		BFFB2E752B05363300254090 /* Sources */ = {
			isa = PBXSourcesBuildPhase;
			buildActionMask = 2147483647;
			files = (
				BF06A4972B1E724F0034D7BF /* MOPAddress.swift in Sources */,
				BF6C7E162B0E25B8006DB858 /* BTreePageInspectorViewController.swift in Sources */,
				BFAAF03E2B0FE55A00A2FFD1 /* SystemIssue.swift in Sources */,
				BFEEF9262B1C8CBD00F42C58 /* Path+Extensions.swift in Sources */,
				BFA944542B1111C100526CF1 /* File.swift in Sources */,
				BFBAF5132B172BC1003ED388 /* FileHandle.swift in Sources */,
				BF6C7E1D2B0E3543006DB858 /* FieldCellField.swift in Sources */,
				BFD6747D2B06689E0086932A /* BufferBrowserViewController.swift in Sources */,
				BFEEF92F2B1CFABC00F42C58 /* Task+Extensions.swift in Sources */,
				BFD674792B065A9C0086932A /* BufferBrowserView.swift in Sources */,
				BFFB2E7F2B05363300254090 /* PrimaryViewController.swift in Sources */,
				BF6C7E132B0E259A006DB858 /* BTreePageInspectorWindowController.swift in Sources */,
				BFD674472B05EAE20086932A /* Medusa.swift in Sources */,
				BFFE7E7C2B1B980C00776231 /* RepositoryBrowserViewController.swift in Sources */,
				BFD674762B0659DA0086932A /* BufferBrowserWindowController.swift in Sources */,
				BFFB2E7D2B05363300254090 /* AppDelegate.swift in Sources */,
				BF521F3B2B148EF200EAFC53 /* BufferBrowserPopoverViewController.swift in Sources */,
				BF6C7E1B2B0E307E006DB858 /* FieldValueField.swift in Sources */,
			);
			runOnlyForDeploymentPostprocessing = 0;
		};
/* End PBXSourcesBuildPhase section */

/* Begin XCBuildConfiguration section */
		BFD674512B05EBE60086932A /* Debug */ = {
			isa = XCBuildConfiguration;
			buildSettings = {
				CODE_SIGN_STYLE = Automatic;
				DEAD_CODE_STRIPPING = YES;
				DEVELOPMENT_TEAM = DLH9UBQV34;
				ENABLE_HARDENED_RUNTIME = YES;
				INFOPLIST_KEY_NSMainStoryboardFile = Main;
				"INFOPLIST_KEY_UIMainStoryboardFile[sdk=*]" = Main;
				MACOSX_DEPLOYMENT_TARGET = 13.0;
				PRODUCT_NAME = "$(TARGET_NAME)";
				SDKROOT = macosx;
				SWIFT_INCLUDE_PATHS = "${SRCROOT}/Medusa/Fletcher32";
				SWIFT_VERSION = 5.0;
			};
			name = Debug;
		};
		BFD674522B05EBE60086932A /* Release */ = {
			isa = XCBuildConfiguration;
			buildSettings = {
				CODE_SIGN_STYLE = Automatic;
				DEAD_CODE_STRIPPING = YES;
				DEVELOPMENT_TEAM = DLH9UBQV34;
				ENABLE_HARDENED_RUNTIME = YES;
				INFOPLIST_KEY_NSMainStoryboardFile = Main;
				"INFOPLIST_KEY_UIMainStoryboardFile[sdk=*]" = Main;
				MACOSX_DEPLOYMENT_TARGET = 13.0;
				PRODUCT_NAME = "$(TARGET_NAME)";
				SDKROOT = macosx;
				SWIFT_INCLUDE_PATHS = "${SRCROOT}/Medusa/Fletcher32";
				SWIFT_VERSION = 5.0;
			};
			name = Release;
		};
		BFFB2E862B05363500254090 /* Debug */ = {
			isa = XCBuildConfiguration;
			buildSettings = {
				ALWAYS_SEARCH_USER_PATHS = NO;
				ASSETCATALOG_COMPILER_GENERATE_SWIFT_ASSET_SYMBOL_EXTENSIONS = YES;
				CLANG_ANALYZER_NONNULL = YES;
				CLANG_ANALYZER_NUMBER_OBJECT_CONVERSION = YES_AGGRESSIVE;
				CLANG_CXX_LANGUAGE_STANDARD = "gnu++20";
				CLANG_ENABLE_MODULES = YES;
				CLANG_ENABLE_OBJC_ARC = YES;
				CLANG_ENABLE_OBJC_WEAK = YES;
				CLANG_WARN_BLOCK_CAPTURE_AUTORELEASING = YES;
				CLANG_WARN_BOOL_CONVERSION = YES;
				CLANG_WARN_COMMA = YES;
				CLANG_WARN_CONSTANT_CONVERSION = YES;
				CLANG_WARN_DEPRECATED_OBJC_IMPLEMENTATIONS = YES;
				CLANG_WARN_DIRECT_OBJC_ISA_USAGE = YES_ERROR;
				CLANG_WARN_DOCUMENTATION_COMMENTS = YES;
				CLANG_WARN_EMPTY_BODY = YES;
				CLANG_WARN_ENUM_CONVERSION = YES;
				CLANG_WARN_INFINITE_RECURSION = YES;
				CLANG_WARN_INT_CONVERSION = YES;
				CLANG_WARN_NON_LITERAL_NULL_CONVERSION = YES;
				CLANG_WARN_OBJC_IMPLICIT_RETAIN_SELF = YES;
				CLANG_WARN_OBJC_LITERAL_CONVERSION = YES;
				CLANG_WARN_OBJC_ROOT_CLASS = YES_ERROR;
				CLANG_WARN_QUOTED_INCLUDE_IN_FRAMEWORK_HEADER = YES;
				CLANG_WARN_RANGE_LOOP_ANALYSIS = YES;
				CLANG_WARN_STRICT_PROTOTYPES = YES;
				CLANG_WARN_SUSPICIOUS_MOVE = YES;
				CLANG_WARN_UNGUARDED_AVAILABILITY = YES_AGGRESSIVE;
				CLANG_WARN_UNREACHABLE_CODE = YES;
				CLANG_WARN__DUPLICATE_METHOD_MATCH = YES;
				COPY_PHASE_STRIP = NO;
				DEAD_CODE_STRIPPING = YES;
				DEBUG_INFORMATION_FORMAT = dwarf;
				ENABLE_STRICT_OBJC_MSGSEND = YES;
				ENABLE_TESTABILITY = YES;
				ENABLE_USER_SCRIPT_SANDBOXING = YES;
				GCC_C_LANGUAGE_STANDARD = gnu17;
				GCC_DYNAMIC_NO_PIC = NO;
				GCC_NO_COMMON_BLOCKS = YES;
				GCC_OPTIMIZATION_LEVEL = 0;
				GCC_PREPROCESSOR_DEFINITIONS = (
					"DEBUG=1",
					"$(inherited)",
				);
				GCC_WARN_64_TO_32_BIT_CONVERSION = YES;
				GCC_WARN_ABOUT_RETURN_TYPE = YES_ERROR;
				GCC_WARN_UNDECLARED_SELECTOR = YES;
				GCC_WARN_UNINITIALIZED_AUTOS = YES_AGGRESSIVE;
				GCC_WARN_UNUSED_FUNCTION = YES;
				GCC_WARN_UNUSED_VARIABLE = YES;
				LOCALIZATION_PREFERS_STRING_CATALOGS = YES;
				MACOSX_DEPLOYMENT_TARGET = 13.0;
				MTL_ENABLE_DEBUG_INFO = INCLUDE_SOURCE;
				MTL_FAST_MATH = YES;
				ONLY_ACTIVE_ARCH = YES;
				SDKROOT = macosx;
				SWIFT_ACTIVE_COMPILATION_CONDITIONS = "DEBUG $(inherited)";
				SWIFT_OPTIMIZATION_LEVEL = "-Onone";
			};
			name = Debug;
		};
		BFFB2E872B05363500254090 /* Release */ = {
			isa = XCBuildConfiguration;
			buildSettings = {
				ALWAYS_SEARCH_USER_PATHS = NO;
				ASSETCATALOG_COMPILER_GENERATE_SWIFT_ASSET_SYMBOL_EXTENSIONS = YES;
				CLANG_ANALYZER_NONNULL = YES;
				CLANG_ANALYZER_NUMBER_OBJECT_CONVERSION = YES_AGGRESSIVE;
				CLANG_CXX_LANGUAGE_STANDARD = "gnu++20";
				CLANG_ENABLE_MODULES = YES;
				CLANG_ENABLE_OBJC_ARC = YES;
				CLANG_ENABLE_OBJC_WEAK = YES;
				CLANG_WARN_BLOCK_CAPTURE_AUTORELEASING = YES;
				CLANG_WARN_BOOL_CONVERSION = YES;
				CLANG_WARN_COMMA = YES;
				CLANG_WARN_CONSTANT_CONVERSION = YES;
				CLANG_WARN_DEPRECATED_OBJC_IMPLEMENTATIONS = YES;
				CLANG_WARN_DIRECT_OBJC_ISA_USAGE = YES_ERROR;
				CLANG_WARN_DOCUMENTATION_COMMENTS = YES;
				CLANG_WARN_EMPTY_BODY = YES;
				CLANG_WARN_ENUM_CONVERSION = YES;
				CLANG_WARN_INFINITE_RECURSION = YES;
				CLANG_WARN_INT_CONVERSION = YES;
				CLANG_WARN_NON_LITERAL_NULL_CONVERSION = YES;
				CLANG_WARN_OBJC_IMPLICIT_RETAIN_SELF = YES;
				CLANG_WARN_OBJC_LITERAL_CONVERSION = YES;
				CLANG_WARN_OBJC_ROOT_CLASS = YES_ERROR;
				CLANG_WARN_QUOTED_INCLUDE_IN_FRAMEWORK_HEADER = YES;
				CLANG_WARN_RANGE_LOOP_ANALYSIS = YES;
				CLANG_WARN_STRICT_PROTOTYPES = YES;
				CLANG_WARN_SUSPICIOUS_MOVE = YES;
				CLANG_WARN_UNGUARDED_AVAILABILITY = YES_AGGRESSIVE;
				CLANG_WARN_UNREACHABLE_CODE = YES;
				CLANG_WARN__DUPLICATE_METHOD_MATCH = YES;
				COPY_PHASE_STRIP = NO;
				DEAD_CODE_STRIPPING = YES;
				DEBUG_INFORMATION_FORMAT = "dwarf-with-dsym";
				ENABLE_NS_ASSERTIONS = NO;
				ENABLE_STRICT_OBJC_MSGSEND = YES;
				ENABLE_USER_SCRIPT_SANDBOXING = YES;
				GCC_C_LANGUAGE_STANDARD = gnu17;
				GCC_NO_COMMON_BLOCKS = YES;
				GCC_WARN_64_TO_32_BIT_CONVERSION = YES;
				GCC_WARN_ABOUT_RETURN_TYPE = YES_ERROR;
				GCC_WARN_UNDECLARED_SELECTOR = YES;
				GCC_WARN_UNINITIALIZED_AUTOS = YES_AGGRESSIVE;
				GCC_WARN_UNUSED_FUNCTION = YES;
				GCC_WARN_UNUSED_VARIABLE = YES;
				LOCALIZATION_PREFERS_STRING_CATALOGS = YES;
				MACOSX_DEPLOYMENT_TARGET = 13.0;
				MTL_ENABLE_DEBUG_INFO = NO;
				MTL_FAST_MATH = YES;
				SDKROOT = macosx;
				SWIFT_COMPILATION_MODE = wholemodule;
			};
			name = Release;
		};
		BFFB2E892B05363500254090 /* Debug */ = {
			isa = XCBuildConfiguration;
			buildSettings = {
				ASSETCATALOG_COMPILER_APPICON_NAME = AppIcon;
				ASSETCATALOG_COMPILER_GLOBAL_ACCENT_COLOR_NAME = AccentColor;
				CLANG_ENABLE_MODULES = YES;
				CODE_SIGN_ENTITLEMENTS = Medusa/Medusa.entitlements;
				CODE_SIGN_STYLE = Automatic;
				COMBINE_HIDPI_IMAGES = YES;
				CURRENT_PROJECT_VERSION = 1;
				DEAD_CODE_STRIPPING = YES;
				DEVELOPMENT_TEAM = DLH9UBQV34;
				ENABLE_HARDENED_RUNTIME = YES;
				GENERATE_INFOPLIST_FILE = YES;
				INFOPLIST_KEY_NSHumanReadableCopyright = "";
				INFOPLIST_KEY_NSMainStoryboardFile = Main;
				INFOPLIST_KEY_NSPrincipalClass = NSApplication;
				LD_RUNPATH_SEARCH_PATHS = (
					"$(inherited)",
					"@executable_path/../Frameworks",
				);
				MACOSX_DEPLOYMENT_TARGET = 14.2;
				MARKETING_VERSION = 1.0;
				PRODUCT_BUNDLE_IDENTIFIER = com.macsemantics.Medusa;
				PRODUCT_NAME = "$(TARGET_NAME)";
				SDKROOT = macosx;
				SWIFT_EMIT_LOC_STRINGS = YES;
				SWIFT_INCLUDE_PATHS = "${SRCROOT}/Medusa/Fletcher";
				SWIFT_OPTIMIZATION_LEVEL = "-Onone";
				SWIFT_VERSION = 5.0;
			};
			name = Debug;
		};
		BFFB2E8A2B05363500254090 /* Release */ = {
			isa = XCBuildConfiguration;
			buildSettings = {
				ASSETCATALOG_COMPILER_APPICON_NAME = AppIcon;
				ASSETCATALOG_COMPILER_GLOBAL_ACCENT_COLOR_NAME = AccentColor;
				CLANG_ENABLE_MODULES = YES;
				CODE_SIGN_ENTITLEMENTS = Medusa/Medusa.entitlements;
				CODE_SIGN_STYLE = Automatic;
				COMBINE_HIDPI_IMAGES = YES;
				CURRENT_PROJECT_VERSION = 1;
				DEAD_CODE_STRIPPING = YES;
				DEVELOPMENT_TEAM = DLH9UBQV34;
				ENABLE_HARDENED_RUNTIME = YES;
				GENERATE_INFOPLIST_FILE = YES;
				INFOPLIST_KEY_NSHumanReadableCopyright = "";
				INFOPLIST_KEY_NSMainStoryboardFile = Main;
				INFOPLIST_KEY_NSPrincipalClass = NSApplication;
				LD_RUNPATH_SEARCH_PATHS = (
					"$(inherited)",
					"@executable_path/../Frameworks",
				);
				MACOSX_DEPLOYMENT_TARGET = 14.2;
				MARKETING_VERSION = 1.0;
				PRODUCT_BUNDLE_IDENTIFIER = com.macsemantics.Medusa;
				PRODUCT_NAME = "$(TARGET_NAME)";
				SDKROOT = macosx;
				SWIFT_EMIT_LOC_STRINGS = YES;
				SWIFT_INCLUDE_PATHS = "${SRCROOT}/Medusa/Fletcher";
				SWIFT_VERSION = 5.0;
			};
			name = Release;
		};
/* End XCBuildConfiguration section */

/* Begin XCConfigurationList section */
		BFD674502B05EBE60086932A /* Build configuration list for PBXNativeTarget "MedusaTester" */ = {
			isa = XCConfigurationList;
			buildConfigurations = (
				BFD674512B05EBE60086932A /* Debug */,
				BFD674522B05EBE60086932A /* Release */,
			);
			defaultConfigurationIsVisible = 0;
			defaultConfigurationName = Release;
		};
		BFFB2E742B05363300254090 /* Build configuration list for PBXProject "Medusa" */ = {
			isa = XCConfigurationList;
			buildConfigurations = (
				BFFB2E862B05363500254090 /* Debug */,
				BFFB2E872B05363500254090 /* Release */,
			);
			defaultConfigurationIsVisible = 0;
			defaultConfigurationName = Release;
		};
		BFFB2E882B05363500254090 /* Build configuration list for PBXNativeTarget "Medusa" */ = {
			isa = XCConfigurationList;
			buildConfigurations = (
				BFFB2E892B05363500254090 /* Debug */,
				BFFB2E8A2B05363500254090 /* Release */,
			);
			defaultConfigurationIsVisible = 0;
			defaultConfigurationName = Release;
		};
/* End XCConfigurationList section */

/* Begin XCRemoteSwiftPackageReference section */
		BFA944552B11126100526CF1 /* XCRemoteSwiftPackageReference "Path" */ = {
			isa = XCRemoteSwiftPackageReference;
			repositoryURL = "https://github.com/mxcl/Path.swift";
			requirement = {
				kind = upToNextMajorVersion;
				minimumVersion = 1.4.1;
			};
		};
		BFD674412B05E6010086932A /* XCRemoteSwiftPackageReference "BlueSocket" */ = {
			isa = XCRemoteSwiftPackageReference;
			repositoryURL = "https://github.com/Kitura/BlueSocket.git";
			requirement = {
				kind = upToNextMajorVersion;
				minimumVersion = 2.0.4;
			};
		};
/* End XCRemoteSwiftPackageReference section */

/* Begin XCSwiftPackageProductDependency section */
		BF2B00EB2B20AFAD00E83152 /* MedusaStorage */ = {
			isa = XCSwiftPackageProductDependency;
			productName = MedusaStorage;
		};
		BF327E1A2B2211360077FF6B /* MedusaPaging */ = {
			isa = XCSwiftPackageProductDependency;
			productName = MedusaPaging;
		};
		BFA944572B1113EE00526CF1 /* Path */ = {
			isa = XCSwiftPackageProductDependency;
			package = BFA944552B11126100526CF1 /* XCRemoteSwiftPackageReference "Path" */;
			productName = Path;
		};
		BFAE71EF2B1FAD8000C15E0F /* MedusaCore */ = {
			isa = XCSwiftPackageProductDependency;
			productName = MedusaCore;
		};
		BFAE71F12B1FAD8500C15E0F /* MedusaObjectModel */ = {
			isa = XCSwiftPackageProductDependency;
			productName = MedusaObjectModel;
		};
		BFD674422B05E6010086932A /* Socket */ = {
			isa = XCSwiftPackageProductDependency;
			package = BFD674412B05E6010086932A /* XCRemoteSwiftPackageReference "BlueSocket" */;
			productName = Socket;
		};
		BFD6E1C82B238C9A00FC0A0A /* MedusaAgents */ = {
			isa = XCSwiftPackageProductDependency;
			productName = MedusaAgents;
		};
		BFE6B3522B25D1950077ADF0 /* MedusaNetworking */ = {
			isa = XCSwiftPackageProductDependency;
			productName = MedusaNetworking;
		};
/* End XCSwiftPackageProductDependency section */
	};
	rootObject = BFFB2E712B05363300254090 /* Project object */;
}
