{
  "pins" : [
    {
      "identity" : "bluesocket",
      "kind" : "remoteSourceControl",
      "location" : "https://github.com/Kitura/BlueSocket.git",
      "state" : {
        "revision" : "7b23a867008e0027bfd6f4d398d44720707bc8ca",
        "version" : "2.0.4"
      }
    },
    {
      "identity" : "path.swift",
      "kind" : "remoteSourceControl",
      "location" : "https://github.com/mxcl/Path.swift",
      "state" : {
        "revision" : "8e355c28e9393c42e58b18c54cace2c42c98a616",
        "version" : "1.4.1"
      }
    }
  ],
  "version" : 2
}
